{
    "version": 3,
    "terraform_version": "0.11.10",
    "serial": 7,
    "lineage": "dea9fcb1-d657-dde0-0938-ad81a9a681ce",
    "modules": [
        {
            "path": [
                "root"
            ],
            "outputs": {},
            "resources": {
                "aws_internet_gateway.artemis": {
                    "type": "aws_internet_gateway",
                    "depends_on": [
                        "aws_vpc.main"
                    ],
                    "primary": {
                        "id": "igw-0902d29f5231367f1",
                        "attributes": {
                            "id": "igw-0902d29f5231367f1",
                            "tags.%": "0",
                            "vpc_id": "vpc-0256d1516ce0e104d"
                        },
                        "meta": {},
                        "tainted": false
                    },
                    "deposed": [],
                    "provider": "provider.aws"
                },
                "aws_route_table.artemis": {
                    "type": "aws_route_table",
                    "depends_on": [
                        "aws_internet_gateway.artemis",
                        "aws_vpc.main"
                    ],
                    "primary": {
                        "id": "rtb-03d9740da449ba6c5",
                        "attributes": {
                            "id": "rtb-03d9740da449ba6c5",
                            "propagating_vgws.#": "0",
                            "route.#": "1",
                            "route.1710136582.cidr_block": "0.0.0.0/0",
                            "route.1710136582.egress_only_gateway_id": "",
                            "route.1710136582.gateway_id": "igw-0902d29f5231367f1",
                            "route.1710136582.instance_id": "",
                            "route.1710136582.ipv6_cidr_block": "",
                            "route.1710136582.nat_gateway_id": "",
                            "route.1710136582.network_interface_id": "",
                            "route.1710136582.vpc_peering_connection_id": "",
                            "tags.%": "0",
                            "vpc_id": "vpc-0256d1516ce0e104d"
                        },
                        "meta": {},
                        "tainted": false
                    },
                    "deposed": [],
                    "provider": "provider.aws"
                },
                "aws_subnet.artemis-private": {
                    "type": "aws_subnet",
                    "depends_on": [
                        "aws_vpc.main"
                    ],
                    "primary": {
                        "id": "subnet-0c4271a171b101582",
                        "attributes": {
                            "arn": "arn:aws:ec2:eu-west-1:949081852962:subnet/subnet-0c4271a171b101582",
                            "assign_ipv6_address_on_creation": "false",
                            "availability_zone": "eu-west-1c",
                            "cidr_block": "10.0.1.0/24",
                            "id": "subnet-0c4271a171b101582",
                            "map_public_ip_on_launch": "false",
                            "tags.%": "0",
                            "vpc_id": "vpc-0256d1516ce0e104d"
                        },
                        "meta": {
                            "e2bfb730-ecaa-11e6-8f88-34363bc7c4c0": {
                                "create": 600000000000,
                                "delete": 600000000000
                            },
                            "schema_version": "1"
                        },
                        "tainted": false
                    },
                    "deposed": [],
                    "provider": "provider.aws"
                },
                "aws_subnet.artemis-public": {
                    "type": "aws_subnet",
                    "depends_on": [
                        "aws_vpc.main"
                    ],
                    "primary": {
                        "id": "subnet-053a3b15e32081da0",
                        "attributes": {
                            "arn": "arn:aws:ec2:eu-west-1:949081852962:subnet/subnet-053a3b15e32081da0",
                            "assign_ipv6_address_on_creation": "false",
                            "availability_zone": "eu-west-1a",
                            "cidr_block": "10.0.2.0/24",
                            "id": "subnet-053a3b15e32081da0",
                            "map_public_ip_on_launch": "false",
                            "tags.%": "0",
                            "vpc_id": "vpc-0256d1516ce0e104d"
                        },
                        "meta": {
                            "e2bfb730-ecaa-11e6-8f88-34363bc7c4c0": {
                                "create": 600000000000,
                                "delete": 600000000000
                            },
                            "schema_version": "1"
                        },
                        "tainted": false
                    },
                    "deposed": [],
                    "provider": "provider.aws"
                },
                "aws_vpc.main": {
                    "type": "aws_vpc",
                    "depends_on": [],
                    "primary": {
                        "id": "vpc-0256d1516ce0e104d",
                        "attributes": {
                            "arn": "arn:aws:ec2:eu-west-1:949081852962:vpc/vpc-0256d1516ce0e104d",
                            "assign_generated_ipv6_cidr_block": "false",
                            "cidr_block": "10.0.0.0/16",
                            "default_network_acl_id": "acl-0ac8ed1466ca1d57a",
                            "default_route_table_id": "rtb-01384d984c36ce094",
                            "default_security_group_id": "sg-0982451bc9e4b1189",
                            "dhcp_options_id": "dopt-5ab3243c",
                            "enable_classiclink": "false",
                            "enable_classiclink_dns_support": "false",
                            "enable_dns_hostnames": "false",
                            "enable_dns_support": "true",
                            "id": "vpc-0256d1516ce0e104d",
                            "instance_tenancy": "default",
                            "main_route_table_id": "rtb-01384d984c36ce094",
                            "tags.%": "0"
                        },
                        "meta": {
                            "schema_version": "1"
                        },
                        "tainted": false
                    },
                    "deposed": [],
                    "provider": "provider.aws"
                }
            },
            "depends_on": []
        }
    ]
}
